
Microsoft Visual Studio Solution File, Format Version 12.00
# Visual Studio Version 17
VisualStudioVersion = 17.11.35327.3
MinimumVisualStudioVersion = 10.0.40219.1
Project("{FAE04EC0-301F-11D3-BF4B-00C04F79EFBC}") = "SmartHomeControllerv4", "SmartHomeControllerv4\SmartHomeControllerv4.csproj", "{3CDDD13D-9CE6-4E8A-9452-5D94EF12FE42}"
EndProject
Global
	GlobalSection(SolutionConfigurationPlatforms) = preSolution
		Debug|Any CPU = Debug|Any CPU
		Release|Any CPU = Release|Any CPU
	EndGlobalSection
	GlobalSection(ProjectConfigurationPlatforms) = postSolution
		{3CDDD13D-9CE6-4E8A-9452-5D94EF12FE42}.Debug|Any CPU.ActiveCfg = Debug|Any CPU
		{3CDDD13D-9CE6-4E8A-9452-5D94EF12FE42}.Debug|Any CPU.Build.0 = Debug|Any CPU
		{3CDDD13D-9CE6-4E8A-9452-5D94EF12FE42}.Release|Any CPU.ActiveCfg = Release|Any CPU
		{3CDDD13D-9CE6-4E8A-9452-5D94EF12FE42}.Release|Any CPU.Build.0 = Release|Any CPU
	EndGlobalSection
	GlobalSection(SolutionProperties) = preSolution
		HideSolutionNode = FALSE
	EndGlobalSection
	GlobalSection(ExtensibilityGlobals) = postSolution
		SolutionGuid = {DE43F50D-FBBD-4FFF-878B-59EBF3A43BD6}
	EndGlobalSection
EndGlobal
